{
  "name": "exec-stylis",
  "version": "1.0.0",
  "lockfileVersion": 1,
  "requires": true,
  "dependencies": {
    "stylis": {
      "version": "4.0.2",
      "resolved": "https://registry.npmjs.org/stylis/-/stylis-4.0.2.tgz",
      "integrity": "sha512-2RR3o86K1CSrJjigElyNC9dSR7KyINLP68gauaBQn6j2zfJ/7gb0nD6FGXSCsklVM0V6fsoYA8qEXhhZGjkdww=="
    }
  }
}
